
Microsoft Visual Studio Solution File, Format Version 12.00
# Visual Studio 2012
Project("{FAE04EC0-301F-11D3-BF4B-00C04F79EFBC}") = "CF_Server", "CF_Server.csproj", "{B661DB45-4C98-4EF1-B02C-F775E87F8613}"
EndProject
Global
	GlobalSection(SolutionConfigurationPlatforms) = preSolution
		Debug|x86 = Debug|x86
		Release|x86 = Release|x86
	EndGlobalSection
	GlobalSection(ProjectConfigurationPlatforms) = postSolution
		{B661DB45-4C98-4EF1-B02C-F775E87F8613}.Debug|x86.ActiveCfg = Debug|x86
		{B661DB45-4C98-4EF1-B02C-F775E87F8613}.Debug|x86.Build.0 = Debug|x86
		{B661DB45-4C98-4EF1-B02C-F775E87F8613}.Release|x86.ActiveCfg = Release|x86
		{B661DB45-4C98-4EF1-B02C-F775E87F8613}.Release|x86.Build.0 = Release|x86
	EndGlobalSection
	GlobalSection(SolutionProperties) = preSolution
		HideSolutionNode = FALSE
	EndGlobalSection
EndGlobal
